
Microsoft Visual Studio Solution File, Format Version 12.00
# Visual Studio 15
VisualStudioVersion = 15.0.27703.1
MinimumVisualStudioVersion = 10.0.40219.1
Project("{8BC9CEB8-8B4A-11D0-8D11-00A0C91BC942}") = "Lab3", "Lab12_DLL.vcxproj", "{192DCAF8-D0FD-46F5-A992-AC62BDC723D8}"
EndProject
Project("{8BC9CEB8-8B4A-11D0-8D11-00A0C91BC942}") = "Start", "Start\Start.vcxproj", "{12ADB965-331D-46BB-953E-C975EC42E64E}"
EndProject
Project("{FAE04EC0-301F-11D3-BF4B-00C04F79EFBC}") = "Time", "Time\Time.csproj", "{7AD02937-87E8-4CCE-AA38-CE7F09383D96}"
	ProjectSection(ProjectDependencies) = postProject
		{192DCAF8-D0FD-46F5-A992-AC62BDC723D8} = {192DCAF8-D0FD-46F5-A992-AC62BDC723D8}
	EndProjectSection
EndProject
Global
	GlobalSection(SolutionConfigurationPlatforms) = preSolution
		Debug|Any CPU = Debug|Any CPU
		Debug|x64 = Debug|x64
		Debug|x86 = Debug|x86
		Release|Any CPU = Release|Any CPU
		Release|x64 = Release|x64
		Release|x86 = Release|x86
	EndGlobalSection
	GlobalSection(ProjectConfigurationPlatforms) = postSolution
		{192DCAF8-D0FD-46F5-A992-AC62BDC723D8}.Debug|Any CPU.ActiveCfg = Debug|Win32
		{192DCAF8-D0FD-46F5-A992-AC62BDC723D8}.Debug|x64.ActiveCfg = Debug|x64
		{192DCAF8-D0FD-46F5-A992-AC62BDC723D8}.Debug|x64.Build.0 = Debug|x64
		{192DCAF8-D0FD-46F5-A992-AC62BDC723D8}.Debug|x86.ActiveCfg = Debug|Win32
		{192DCAF8-D0FD-46F5-A992-AC62BDC723D8}.Debug|x86.Build.0 = Debug|Win32
		{192DCAF8-D0FD-46F5-A992-AC62BDC723D8}.Release|Any CPU.ActiveCfg = Release|Win32
		{192DCAF8-D0FD-46F5-A992-AC62BDC723D8}.Release|x64.ActiveCfg = Release|x64
		{192DCAF8-D0FD-46F5-A992-AC62BDC723D8}.Release|x64.Build.0 = Release|x64
		{192DCAF8-D0FD-46F5-A992-AC62BDC723D8}.Release|x86.ActiveCfg = Release|Win32
		{192DCAF8-D0FD-46F5-A992-AC62BDC723D8}.Release|x86.Build.0 = Release|Win32
		{12ADB965-331D-46BB-953E-C975EC42E64E}.Debug|Any CPU.ActiveCfg = Debug|Win32
		{12ADB965-331D-46BB-953E-C975EC42E64E}.Debug|x64.ActiveCfg = Debug|x64
		{12ADB965-331D-46BB-953E-C975EC42E64E}.Debug|x64.Build.0 = Debug|x64
		{12ADB965-331D-46BB-953E-C975EC42E64E}.Debug|x86.ActiveCfg = Debug|Win32
		{12ADB965-331D-46BB-953E-C975EC42E64E}.Debug|x86.Build.0 = Debug|Win32
		{12ADB965-331D-46BB-953E-C975EC42E64E}.Release|Any CPU.ActiveCfg = Release|Win32
		{12ADB965-331D-46BB-953E-C975EC42E64E}.Release|x64.ActiveCfg = Release|x64
		{12ADB965-331D-46BB-953E-C975EC42E64E}.Release|x64.Build.0 = Release|x64
		{12ADB965-331D-46BB-953E-C975EC42E64E}.Release|x86.ActiveCfg = Release|Win32
		{12ADB965-331D-46BB-953E-C975EC42E64E}.Release|x86.Build.0 = Release|Win32
		{7AD02937-87E8-4CCE-AA38-CE7F09383D96}.Debug|Any CPU.ActiveCfg = Debug|Any CPU
		{7AD02937-87E8-4CCE-AA38-CE7F09383D96}.Debug|Any CPU.Build.0 = Debug|Any CPU
		{7AD02937-87E8-4CCE-AA38-CE7F09383D96}.Debug|x64.ActiveCfg = Debug|Any CPU
		{7AD02937-87E8-4CCE-AA38-CE7F09383D96}.Debug|x64.Build.0 = Debug|Any CPU
		{7AD02937-87E8-4CCE-AA38-CE7F09383D96}.Debug|x86.ActiveCfg = Debug|Any CPU
		{7AD02937-87E8-4CCE-AA38-CE7F09383D96}.Debug|x86.Build.0 = Debug|Any CPU
		{7AD02937-87E8-4CCE-AA38-CE7F09383D96}.Release|Any CPU.ActiveCfg = Release|Any CPU
		{7AD02937-87E8-4CCE-AA38-CE7F09383D96}.Release|Any CPU.Build.0 = Release|Any CPU
		{7AD02937-87E8-4CCE-AA38-CE7F09383D96}.Release|x64.ActiveCfg = Release|Any CPU
		{7AD02937-87E8-4CCE-AA38-CE7F09383D96}.Release|x64.Build.0 = Release|Any CPU
		{7AD02937-87E8-4CCE-AA38-CE7F09383D96}.Release|x86.ActiveCfg = Release|Any CPU
		{7AD02937-87E8-4CCE-AA38-CE7F09383D96}.Release|x86.Build.0 = Release|Any CPU
	EndGlobalSection
	GlobalSection(SolutionProperties) = preSolution
		HideSolutionNode = FALSE
	EndGlobalSection
	GlobalSection(ExtensibilityGlobals) = postSolution
		SolutionGuid = {FECB6DDA-98B0-4EB2-9380-465A162EB1D1}
	EndGlobalSection
EndGlobal
